gopkg.in/urfave/cli.v2 v2.0.0-20190806201727-b62605953717 h1:OvXt/p4cdwNl+mwcWMq/AxaKFkhdxcjx+tx+qf4EOvY=
gopkg.in/urfave/cli.v2 v2.0.0-20190806201727-b62605953717/go.mod h1:cKXr3E0k4aosgycml1b5z33BVV6hai1Kh7uDgFOkbcs=
moul.io/srand v1.4.0 h1:r5ZMiWDN0ni0lTV7KzJR/jx0K7GivJYW5WaXmufgeik=
moul.io/srand v1.4.0/go.mod h1:P2uaZB+GFstFNo8sEj6/U8FRV1n25kD0LLckFpJ+qvc=
